
Microsoft Visual Studio Solution File, Format Version 12.00
# Visual Studio 14
VisualStudioVersion = 14.0.25420.1
MinimumVisualStudioVersion = 10.0.40219.1
Project("{2150E333-8FDC-42A3-9474-1A3956D46DE8}") = "src", "src", "{85766591-3A14-47DF-9B1B-D9828CC4D6A7}"
EndProject
Project("{2150E333-8FDC-42A3-9474-1A3956D46DE8}") = "Solution Items", "Solution Items", "{CA9E7683-D928-4B16-846E-C72080F59E2C}"
	ProjectSection(SolutionItems) = preProject
		global.json = global.json
	EndProjectSection
EndProject
Project("{8BB2217D-0F2D-49D1-97BC-3654ED321F3B}") = "SocialLogins", "src\SocialLogins\SocialLogins.xproj", "{C65952F4-241B-47A7-BC05-AABD0F5DD087}"
EndProject
Global
	GlobalSection(SolutionConfigurationPlatforms) = preSolution
		Debug|Any CPU = Debug|Any CPU
		Release|Any CPU = Release|Any CPU
	EndGlobalSection
	GlobalSection(ProjectConfigurationPlatforms) = postSolution
		{C65952F4-241B-47A7-BC05-AABD0F5DD087}.Debug|Any CPU.ActiveCfg = Debug|Any CPU
		{C65952F4-241B-47A7-BC05-AABD0F5DD087}.Debug|Any CPU.Build.0 = Debug|Any CPU
		{C65952F4-241B-47A7-BC05-AABD0F5DD087}.Release|Any CPU.ActiveCfg = Release|Any CPU
		{C65952F4-241B-47A7-BC05-AABD0F5DD087}.Release|Any CPU.Build.0 = Release|Any CPU
	EndGlobalSection
	GlobalSection(SolutionProperties) = preSolution
		HideSolutionNode = FALSE
	EndGlobalSection
	GlobalSection(NestedProjects) = preSolution
		{C65952F4-241B-47A7-BC05-AABD0F5DD087} = {85766591-3A14-47DF-9B1B-D9828CC4D6A7}
	EndGlobalSection
EndGlobal
